
Microsoft Visual Studio Solution File, Format Version 12.00
# Visual Studio 15
VisualStudioVersion = 15.0.26124.0
MinimumVisualStudioVersion = 15.0.26124.0
Project("{FAE04EC0-301F-11D3-BF4B-00C04F79EFBC}") = "PokerPlanner.API", "PokerPlanner.API\PokerPlanner.API.csproj", "{BA282229-FAC5-4740-B88B-DDBA89359F89}"
EndProject
Project("{FAE04EC0-301F-11D3-BF4B-00C04F79EFBC}") = "PokerPlanner.Dependencies", "PokerPlanner.Dependencies\PokerPlanner.Dependencies.csproj", "{19AFEBB5-E5C1-4659-83B0-56556C842908}"
EndProject
Project("{FAE04EC0-301F-11D3-BF4B-00C04F79EFBC}") = "PokerPlanner.Entities", "PokerPlanner.Entities\PokerPlanner.Entities.csproj", "{5EE9D678-6627-4EAF-B84B-4968C5885E63}"
EndProject
Project("{FAE04EC0-301F-11D3-BF4B-00C04F79EFBC}") = "PokerPlanner.Repositories.Interfaces", "PokerPlanner.Repositories.Interfaces\PokerPlanner.Repositories.Interfaces.csproj", "{8709BB01-2745-4DB4-BE3C-C3B106A72984}"
EndProject
Project("{FAE04EC0-301F-11D3-BF4B-00C04F79EFBC}") = "PokerPlanner.Repositories", "PokerPlanner.Repositories\PokerPlanner.Repositories.csproj", "{665E40D1-7172-43C4-8921-A498F335D814}"
EndProject
Project("{FAE04EC0-301F-11D3-BF4B-00C04F79EFBC}") = "PokerPlanner.Services.Interfaces", "PokerPlanner.Services.Interfaces\PokerPlanner.Services.Interfaces.csproj", "{C5B755BE-93F0-4AA9-8869-D75F9491074C}"
EndProject
Project("{FAE04EC0-301F-11D3-BF4B-00C04F79EFBC}") = "PokerPlanner.Services", "PokerPlanner.Services\PokerPlanner.Services.csproj", "{92590671-1523-4BE6-8DF4-A265365314F2}"
EndProject
Global
	GlobalSection(SolutionConfigurationPlatforms) = preSolution
		Debug|Any CPU = Debug|Any CPU
		Debug|x64 = Debug|x64
		Debug|x86 = Debug|x86
		Release|Any CPU = Release|Any CPU
		Release|x64 = Release|x64
		Release|x86 = Release|x86
	EndGlobalSection
	GlobalSection(SolutionProperties) = preSolution
		HideSolutionNode = FALSE
	EndGlobalSection
	GlobalSection(ProjectConfigurationPlatforms) = postSolution
		{BA282229-FAC5-4740-B88B-DDBA89359F89}.Debug|Any CPU.ActiveCfg = Debug|Any CPU
		{BA282229-FAC5-4740-B88B-DDBA89359F89}.Debug|Any CPU.Build.0 = Debug|Any CPU
		{BA282229-FAC5-4740-B88B-DDBA89359F89}.Debug|x64.ActiveCfg = Debug|Any CPU
		{BA282229-FAC5-4740-B88B-DDBA89359F89}.Debug|x64.Build.0 = Debug|Any CPU
		{BA282229-FAC5-4740-B88B-DDBA89359F89}.Debug|x86.ActiveCfg = Debug|Any CPU
		{BA282229-FAC5-4740-B88B-DDBA89359F89}.Debug|x86.Build.0 = Debug|Any CPU
		{BA282229-FAC5-4740-B88B-DDBA89359F89}.Release|Any CPU.ActiveCfg = Release|Any CPU
		{BA282229-FAC5-4740-B88B-DDBA89359F89}.Release|Any CPU.Build.0 = Release|Any CPU
		{BA282229-FAC5-4740-B88B-DDBA89359F89}.Release|x64.ActiveCfg = Release|Any CPU
		{BA282229-FAC5-4740-B88B-DDBA89359F89}.Release|x64.Build.0 = Release|Any CPU
		{BA282229-FAC5-4740-B88B-DDBA89359F89}.Release|x86.ActiveCfg = Release|Any CPU
		{BA282229-FAC5-4740-B88B-DDBA89359F89}.Release|x86.Build.0 = Release|Any CPU
		{19AFEBB5-E5C1-4659-83B0-56556C842908}.Debug|Any CPU.ActiveCfg = Debug|Any CPU
		{19AFEBB5-E5C1-4659-83B0-56556C842908}.Debug|Any CPU.Build.0 = Debug|Any CPU
		{19AFEBB5-E5C1-4659-83B0-56556C842908}.Debug|x64.ActiveCfg = Debug|Any CPU
		{19AFEBB5-E5C1-4659-83B0-56556C842908}.Debug|x64.Build.0 = Debug|Any CPU
		{19AFEBB5-E5C1-4659-83B0-56556C842908}.Debug|x86.ActiveCfg = Debug|Any CPU
		{19AFEBB5-E5C1-4659-83B0-56556C842908}.Debug|x86.Build.0 = Debug|Any CPU
		{19AFEBB5-E5C1-4659-83B0-56556C842908}.Release|Any CPU.ActiveCfg = Release|Any CPU
		{19AFEBB5-E5C1-4659-83B0-56556C842908}.Release|Any CPU.Build.0 = Release|Any CPU
		{19AFEBB5-E5C1-4659-83B0-56556C842908}.Release|x64.ActiveCfg = Release|Any CPU
		{19AFEBB5-E5C1-4659-83B0-56556C842908}.Release|x64.Build.0 = Release|Any CPU
		{19AFEBB5-E5C1-4659-83B0-56556C842908}.Release|x86.ActiveCfg = Release|Any CPU
		{19AFEBB5-E5C1-4659-83B0-56556C842908}.Release|x86.Build.0 = Release|Any CPU
		{5EE9D678-6627-4EAF-B84B-4968C5885E63}.Debug|Any CPU.ActiveCfg = Debug|Any CPU
		{5EE9D678-6627-4EAF-B84B-4968C5885E63}.Debug|Any CPU.Build.0 = Debug|Any CPU
		{5EE9D678-6627-4EAF-B84B-4968C5885E63}.Debug|x64.ActiveCfg = Debug|Any CPU
		{5EE9D678-6627-4EAF-B84B-4968C5885E63}.Debug|x64.Build.0 = Debug|Any CPU
		{5EE9D678-6627-4EAF-B84B-4968C5885E63}.Debug|x86.ActiveCfg = Debug|Any CPU
		{5EE9D678-6627-4EAF-B84B-4968C5885E63}.Debug|x86.Build.0 = Debug|Any CPU
		{5EE9D678-6627-4EAF-B84B-4968C5885E63}.Release|Any CPU.ActiveCfg = Release|Any CPU
		{5EE9D678-6627-4EAF-B84B-4968C5885E63}.Release|Any CPU.Build.0 = Release|Any CPU
		{5EE9D678-6627-4EAF-B84B-4968C5885E63}.Release|x64.ActiveCfg = Release|Any CPU
		{5EE9D678-6627-4EAF-B84B-4968C5885E63}.Release|x64.Build.0 = Release|Any CPU
		{5EE9D678-6627-4EAF-B84B-4968C5885E63}.Release|x86.ActiveCfg = Release|Any CPU
		{5EE9D678-6627-4EAF-B84B-4968C5885E63}.Release|x86.Build.0 = Release|Any CPU
		{8709BB01-2745-4DB4-BE3C-C3B106A72984}.Debug|Any CPU.ActiveCfg = Debug|Any CPU
		{8709BB01-2745-4DB4-BE3C-C3B106A72984}.Debug|Any CPU.Build.0 = Debug|Any CPU
		{8709BB01-2745-4DB4-BE3C-C3B106A72984}.Debug|x64.ActiveCfg = Debug|Any CPU
		{8709BB01-2745-4DB4-BE3C-C3B106A72984}.Debug|x64.Build.0 = Debug|Any CPU
		{8709BB01-2745-4DB4-BE3C-C3B106A72984}.Debug|x86.ActiveCfg = Debug|Any CPU
		{8709BB01-2745-4DB4-BE3C-C3B106A72984}.Debug|x86.Build.0 = Debug|Any CPU
		{8709BB01-2745-4DB4-BE3C-C3B106A72984}.Release|Any CPU.ActiveCfg = Release|Any CPU
		{8709BB01-2745-4DB4-BE3C-C3B106A72984}.Release|Any CPU.Build.0 = Release|Any CPU
		{8709BB01-2745-4DB4-BE3C-C3B106A72984}.Release|x64.ActiveCfg = Release|Any CPU
		{8709BB01-2745-4DB4-BE3C-C3B106A72984}.Release|x64.Build.0 = Release|Any CPU
		{8709BB01-2745-4DB4-BE3C-C3B106A72984}.Release|x86.ActiveCfg = Release|Any CPU
		{8709BB01-2745-4DB4-BE3C-C3B106A72984}.Release|x86.Build.0 = Release|Any CPU
		{665E40D1-7172-43C4-8921-A498F335D814}.Debug|Any CPU.ActiveCfg = Debug|Any CPU
		{665E40D1-7172-43C4-8921-A498F335D814}.Debug|Any CPU.Build.0 = Debug|Any CPU
		{665E40D1-7172-43C4-8921-A498F335D814}.Debug|x64.ActiveCfg = Debug|Any CPU
		{665E40D1-7172-43C4-8921-A498F335D814}.Debug|x64.Build.0 = Debug|Any CPU
		{665E40D1-7172-43C4-8921-A498F335D814}.Debug|x86.ActiveCfg = Debug|Any CPU
		{665E40D1-7172-43C4-8921-A498F335D814}.Debug|x86.Build.0 = Debug|Any CPU
		{665E40D1-7172-43C4-8921-A498F335D814}.Release|Any CPU.ActiveCfg = Release|Any CPU
		{665E40D1-7172-43C4-8921-A498F335D814}.Release|Any CPU.Build.0 = Release|Any CPU
		{665E40D1-7172-43C4-8921-A498F335D814}.Release|x64.ActiveCfg = Release|Any CPU
		{665E40D1-7172-43C4-8921-A498F335D814}.Release|x64.Build.0 = Release|Any CPU
		{665E40D1-7172-43C4-8921-A498F335D814}.Release|x86.ActiveCfg = Release|Any CPU
		{665E40D1-7172-43C4-8921-A498F335D814}.Release|x86.Build.0 = Release|Any CPU
		{C5B755BE-93F0-4AA9-8869-D75F9491074C}.Debug|Any CPU.ActiveCfg = Debug|Any CPU
		{C5B755BE-93F0-4AA9-8869-D75F9491074C}.Debug|Any CPU.Build.0 = Debug|Any CPU
		{C5B755BE-93F0-4AA9-8869-D75F9491074C}.Debug|x64.ActiveCfg = Debug|Any CPU
		{C5B755BE-93F0-4AA9-8869-D75F9491074C}.Debug|x64.Build.0 = Debug|Any CPU
		{C5B755BE-93F0-4AA9-8869-D75F9491074C}.Debug|x86.ActiveCfg = Debug|Any CPU
		{C5B755BE-93F0-4AA9-8869-D75F9491074C}.Debug|x86.Build.0 = Debug|Any CPU
		{C5B755BE-93F0-4AA9-8869-D75F9491074C}.Release|Any CPU.ActiveCfg = Release|Any CPU
		{C5B755BE-93F0-4AA9-8869-D75F9491074C}.Release|Any CPU.Build.0 = Release|Any CPU
		{C5B755BE-93F0-4AA9-8869-D75F9491074C}.Release|x64.ActiveCfg = Release|Any CPU
		{C5B755BE-93F0-4AA9-8869-D75F9491074C}.Release|x64.Build.0 = Release|Any CPU
		{C5B755BE-93F0-4AA9-8869-D75F9491074C}.Release|x86.ActiveCfg = Release|Any CPU
		{C5B755BE-93F0-4AA9-8869-D75F9491074C}.Release|x86.Build.0 = Release|Any CPU
		{92590671-1523-4BE6-8DF4-A265365314F2}.Debug|Any CPU.ActiveCfg = Debug|Any CPU
		{92590671-1523-4BE6-8DF4-A265365314F2}.Debug|Any CPU.Build.0 = Debug|Any CPU
		{92590671-1523-4BE6-8DF4-A265365314F2}.Debug|x64.ActiveCfg = Debug|Any CPU
		{92590671-1523-4BE6-8DF4-A265365314F2}.Debug|x64.Build.0 = Debug|Any CPU
		{92590671-1523-4BE6-8DF4-A265365314F2}.Debug|x86.ActiveCfg = Debug|Any CPU
		{92590671-1523-4BE6-8DF4-A265365314F2}.Debug|x86.Build.0 = Debug|Any CPU
		{92590671-1523-4BE6-8DF4-A265365314F2}.Release|Any CPU.ActiveCfg = Release|Any CPU
		{92590671-1523-4BE6-8DF4-A265365314F2}.Release|Any CPU.Build.0 = Release|Any CPU
		{92590671-1523-4BE6-8DF4-A265365314F2}.Release|x64.ActiveCfg = Release|Any CPU
		{92590671-1523-4BE6-8DF4-A265365314F2}.Release|x64.Build.0 = Release|Any CPU
		{92590671-1523-4BE6-8DF4-A265365314F2}.Release|x86.ActiveCfg = Release|Any CPU
		{92590671-1523-4BE6-8DF4-A265365314F2}.Release|x86.Build.0 = Release|Any CPU
	EndGlobalSection
EndGlobal
